
Microsoft Visual Studio Solution File, Format Version 12.00
# Visual Studio Version 17
VisualStudioVersion = 17.3.32825.248
MinimumVisualStudioVersion = 10.0.40219.1
Project("{9A19103F-16F7-4668-BE54-9A1E7A4F7556}") = "MarketApi", "MarketApi\MarketApi.csproj", "{D6AFB1CC-FDAF-402D-B7BD-9AB67339B186}"
EndProject
Project("{9A19103F-16F7-4668-BE54-9A1E7A4F7556}") = "DataLayer", "DataLayer\DataLayer.csproj", "{27F97C30-3030-4CFF-93CE-C2051257DA2D}"
EndProject
Project("{9A19103F-16F7-4668-BE54-9A1E7A4F7556}") = "Service", "Service\Service.csproj", "{5AD90688-BFBE-4509-81B4-15B55B458F8C}"
EndProject
Project("{9A19103F-16F7-4668-BE54-9A1E7A4F7556}") = "PresentationLayer", "PresentationLayer\PresentationLayer.csproj", "{AC169074-251E-4342-94D8-3BF749D5E094}"
EndProject
Global
	GlobalSection(SolutionConfigurationPlatforms) = preSolution
		Debug|Any CPU = Debug|Any CPU
		Release|Any CPU = Release|Any CPU
	EndGlobalSection
	GlobalSection(ProjectConfigurationPlatforms) = postSolution
		{D6AFB1CC-FDAF-402D-B7BD-9AB67339B186}.Debug|Any CPU.ActiveCfg = Debug|Any CPU
		{D6AFB1CC-FDAF-402D-B7BD-9AB67339B186}.Debug|Any CPU.Build.0 = Debug|Any CPU
		{D6AFB1CC-FDAF-402D-B7BD-9AB67339B186}.Release|Any CPU.ActiveCfg = Release|Any CPU
		{D6AFB1CC-FDAF-402D-B7BD-9AB67339B186}.Release|Any CPU.Build.0 = Release|Any CPU
		{27F97C30-3030-4CFF-93CE-C2051257DA2D}.Debug|Any CPU.ActiveCfg = Debug|Any CPU
		{27F97C30-3030-4CFF-93CE-C2051257DA2D}.Debug|Any CPU.Build.0 = Debug|Any CPU
		{27F97C30-3030-4CFF-93CE-C2051257DA2D}.Release|Any CPU.ActiveCfg = Release|Any CPU
		{27F97C30-3030-4CFF-93CE-C2051257DA2D}.Release|Any CPU.Build.0 = Release|Any CPU
		{5AD90688-BFBE-4509-81B4-15B55B458F8C}.Debug|Any CPU.ActiveCfg = Debug|Any CPU
		{5AD90688-BFBE-4509-81B4-15B55B458F8C}.Debug|Any CPU.Build.0 = Debug|Any CPU
		{5AD90688-BFBE-4509-81B4-15B55B458F8C}.Release|Any CPU.ActiveCfg = Release|Any CPU
		{5AD90688-BFBE-4509-81B4-15B55B458F8C}.Release|Any CPU.Build.0 = Release|Any CPU
		{AC169074-251E-4342-94D8-3BF749D5E094}.Debug|Any CPU.ActiveCfg = Debug|Any CPU
		{AC169074-251E-4342-94D8-3BF749D5E094}.Debug|Any CPU.Build.0 = Debug|Any CPU
		{AC169074-251E-4342-94D8-3BF749D5E094}.Release|Any CPU.ActiveCfg = Release|Any CPU
		{AC169074-251E-4342-94D8-3BF749D5E094}.Release|Any CPU.Build.0 = Release|Any CPU
	EndGlobalSection
	GlobalSection(SolutionProperties) = preSolution
		HideSolutionNode = FALSE
	EndGlobalSection
	GlobalSection(ExtensibilityGlobals) = postSolution
		SolutionGuid = {3F401021-2E45-4168-903A-B3E518B7EA2B}
	EndGlobalSection
EndGlobal
